{
  "name": "medium-proxy",
  "version": "0.0.1",
  "lockfileVersion": 2,
  "requires": true,
  "packages": {
    "": {
      "name": "medium-proxy",
      "version": "0.0.1",
      "dependencies": {
        "rss-parser": "^3.12.0"
      },
      "devDependencies": {}
    },
    "node_modules/entities": {
      "version": "2.2.0",
      "resolved": "https://mit.jfrog.io/mit/api/npm/npm/entities/-/entities-2.2.0.tgz",
      "integrity": "sha1-CY3JDruD2N/6CJ1VJWs1HTTE2lU=",
      "license": "BSD-2-Clause",
      "funding": {
        "url": "https://github.com/fb55/entities?sponsor=1"
      }
    },
    "node_modules/rss-parser": {
      "version": "3.12.0",
      "resolved": "https://mit.jfrog.io/mit/api/npm/npm/rss-parser/-/rss-parser-3.12.0.tgz",
      "integrity": "sha1-uIiGmepGMEp0Nj+9gURnGymXmEw=",
      "license": "MIT",
      "dependencies": {
        "entities": "^2.0.3",
        "xml2js": "^0.4.19"
      }
    },
    "node_modules/sax": {
      "version": "1.2.4",
      "resolved": "https://mit.jfrog.io/mit/api/npm/npm/sax/-/sax-1.2.4.tgz",
      "integrity": "sha1-KBYjTiN4vdxOU1T6tcqold9xANk=",
      "license": "ISC"
    },
    "node_modules/xml2js": {
      "version": "0.4.23",
      "resolved": "https://mit.jfrog.io/mit/api/npm/npm/xml2js/-/xml2js-0.4.23.tgz",
      "integrity": "sha1-oMaVFnUkIesqx1juTUzPWIQ+rGY=",
      "license": "MIT",
      "dependencies": {
        "sax": ">=0.6.0",
        "xmlbuilder": "~11.0.0"
      },
      "engines": {
        "node": ">=4.0.0"
      }
    },
    "node_modules/xmlbuilder": {
      "version": "11.0.1",
      "resolved": "https://mit.jfrog.io/mit/api/npm/npm/xmlbuilder/-/xmlbuilder-11.0.1.tgz",
      "integrity": "sha1-vpuuHIoEbnazESdyY0fQrXACvrM=",
      "license": "MIT",
      "engines": {
        "node": ">=4.0"
      }
    }
  },
  "dependencies": {
    "entities": {
      "version": "2.2.0",
      "resolved": "https://mit.jfrog.io/mit/api/npm/npm/entities/-/entities-2.2.0.tgz",
      "integrity": "sha1-CY3JDruD2N/6CJ1VJWs1HTTE2lU="
    },
    "rss-parser": {
      "version": "3.12.0",
      "resolved": "https://mit.jfrog.io/mit/api/npm/npm/rss-parser/-/rss-parser-3.12.0.tgz",
      "integrity": "sha1-uIiGmepGMEp0Nj+9gURnGymXmEw=",
      "requires": {
        "entities": "^2.0.3",
        "xml2js": "^0.4.19"
      }
    },
    "sax": {
      "version": "1.2.4",
      "resolved": "https://mit.jfrog.io/mit/api/npm/npm/sax/-/sax-1.2.4.tgz",
      "integrity": "sha1-KBYjTiN4vdxOU1T6tcqold9xANk="
    },
    "xml2js": {
      "version": "0.4.23",
      "resolved": "https://mit.jfrog.io/mit/api/npm/npm/xml2js/-/xml2js-0.4.23.tgz",
      "integrity": "sha1-oMaVFnUkIesqx1juTUzPWIQ+rGY=",
      "requires": {
        "sax": ">=0.6.0",
        "xmlbuilder": "~11.0.0"
      }
    },
    "xmlbuilder": {
      "version": "11.0.1",
      "resolved": "https://mit.jfrog.io/mit/api/npm/npm/xmlbuilder/-/xmlbuilder-11.0.1.tgz",
      "integrity": "sha1-vpuuHIoEbnazESdyY0fQrXACvrM="
    }
  }
}
